
Microsoft Visual Studio Solution File, Format Version 12.00
# Visual Studio Version 16
VisualStudioVersion = 16.0.31205.134
MinimumVisualStudioVersion = 10.0.40219.1
Project("{FAE04EC0-301F-11D3-BF4B-00C04F79EFBC}") = "SupremaF2", "SupremaF2\SupremaF2.csproj", "{F2F44B3E-A76F-4F88-88F2-AB0C2E53BF9E}"
EndProject
Global
	GlobalSection(SolutionConfigurationPlatforms) = preSolution
		Debug|Any CPU = Debug|Any CPU
		Debug|x64 = Debug|x64
		Debug|x86 = Debug|x86
		Release|Any CPU = Release|Any CPU
		Release|x64 = Release|x64
		Release|x86 = Release|x86
	EndGlobalSection
	GlobalSection(ProjectConfigurationPlatforms) = postSolution
		{F2F44B3E-A76F-4F88-88F2-AB0C2E53BF9E}.Debug|Any CPU.ActiveCfg = Debug|Any CPU
		{F2F44B3E-A76F-4F88-88F2-AB0C2E53BF9E}.Debug|Any CPU.Build.0 = Debug|Any CPU
		{F2F44B3E-A76F-4F88-88F2-AB0C2E53BF9E}.Debug|x64.ActiveCfg = Debug|x64
		{F2F44B3E-A76F-4F88-88F2-AB0C2E53BF9E}.Debug|x64.Build.0 = Debug|x64
		{F2F44B3E-A76F-4F88-88F2-AB0C2E53BF9E}.Debug|x86.ActiveCfg = Debug|Any CPU
		{F2F44B3E-A76F-4F88-88F2-AB0C2E53BF9E}.Debug|x86.Build.0 = Debug|Any CPU
		{F2F44B3E-A76F-4F88-88F2-AB0C2E53BF9E}.Release|Any CPU.ActiveCfg = Release|Any CPU
		{F2F44B3E-A76F-4F88-88F2-AB0C2E53BF9E}.Release|Any CPU.Build.0 = Release|Any CPU
		{F2F44B3E-A76F-4F88-88F2-AB0C2E53BF9E}.Release|x64.ActiveCfg = Release|x64
		{F2F44B3E-A76F-4F88-88F2-AB0C2E53BF9E}.Release|x64.Build.0 = Release|x64
		{F2F44B3E-A76F-4F88-88F2-AB0C2E53BF9E}.Release|x86.ActiveCfg = Release|x86
		{F2F44B3E-A76F-4F88-88F2-AB0C2E53BF9E}.Release|x86.Build.0 = Release|x86
	EndGlobalSection
	GlobalSection(SolutionProperties) = preSolution
		HideSolutionNode = FALSE
	EndGlobalSection
	GlobalSection(ExtensibilityGlobals) = postSolution
		SolutionGuid = {546E90F0-A522-4A14-BB87-70B62283F247}
	EndGlobalSection
EndGlobal
